
Microsoft Visual Studio Solution File, Format Version 12.00
Project("{FAE04EC0-301F-11D3-BF4B-00C04F79EFBC}") = "Wjybxx.Commons.Core", "Wjybxx.Commons.Core\Wjybxx.Commons.Core.csproj", "{ED690227-5E42-4480-B0C3-7A9DA6E6352C}"
EndProject
Project("{FAE04EC0-301F-11D3-BF4B-00C04F79EFBC}") = "Wjybxx.Commons.Tests", "Wjybxx.Commons.Tests\Wjybxx.Commons.Tests.csproj", "{12499676-55E8-46C1-827E-9DE63F981B73}"
EndProject
Project("{FAE04EC0-301F-11D3-BF4B-00C04F79EFBC}") = "Wjybxx.Commons.Concurrent", "Wjybxx.Commons.Concurrent\Wjybxx.Commons.Concurrent.csproj", "{255C40F9-8835-4FAA-ABCB-FABD969254C6}"
EndProject
Project("{FAE04EC0-301F-11D3-BF4B-00C04F79EFBC}") = "Wjybxx.Commons.Apt", "Wjybxx.Commons.Apt\Wjybxx.Commons.Apt.csproj", "{F74A7DE9-2D52-4A2F-9AF9-6EA085FF728E}"
EndProject
Project("{FAE04EC0-301F-11D3-BF4B-00C04F79EFBC}") = "Wjybxx.Dson.Core", "Wjybxx.Dson.Core\Wjybxx.Dson.Core.csproj", "{85A4DD0E-E41E-4DF3-89F6-5719F2EAC738}"
EndProject
Project("{FAE04EC0-301F-11D3-BF4B-00C04F79EFBC}") = "Wjybxx.Dson.Codec", "Wjybxx.Dson.Codec\Wjybxx.Dson.Codec.csproj", "{4A871764-82E8-44F0-892B-8F03B62E6248}"
EndProject
Project("{FAE04EC0-301F-11D3-BF4B-00C04F79EFBC}") = "Wjybxx.Dson.Apt", "Wjybxx.Dson.Apt\Wjybxx.Dson.Apt.csproj", "{6F1AB306-985B-434D-90B2-1AF8F2179643}"
EndProject
Project("{FAE04EC0-301F-11D3-BF4B-00C04F79EFBC}") = "Wjybxx.Dson.Tests", "Wjybxx.Dson.Tests\Wjybxx.Dson.Tests.csproj", "{8EF1AB21-1AC9-4630-880E-75CFC2F3CDCF}"
EndProject
Project("{FAE04EC0-301F-11D3-BF4B-00C04F79EFBC}") = "Wjybxx.Disruptor", "Wjybxx.Disruptor\Wjybxx.Disruptor.csproj", "{5FEDD358-5AE1-444E-BF59-6CB7F7500165}"
EndProject
Project("{FAE04EC0-301F-11D3-BF4B-00C04F79EFBC}") = "Wjybxx.BTree", "Wjybxx.BTree.Core\Wjybxx.BTree.csproj", "{2890F959-2E95-45DC-823C-DB2B568907EF}"
EndProject
Project("{FAE04EC0-301F-11D3-BF4B-00C04F79EFBC}") = "Wjybxx.BTree.Codec", "Wjybxx.BTree.Codec\Wjybxx.BTree.Codec.csproj", "{66FD094C-CA4B-4FE6-92B1-793FC1FCBF5A}"
EndProject
Project("{FAE04EC0-301F-11D3-BF4B-00C04F79EFBC}") = "Wjybxx.BTree.Tests", "Wjybxx.BTree.Tests\Wjybxx.BTree.Tests.csproj", "{8DC6F04B-9686-4626-8C0E-CEDA6A4D852B}"
EndProject
Global
	GlobalSection(SolutionConfigurationPlatforms) = preSolution
		Debug|Any CPU = Debug|Any CPU
		Release|Any CPU = Release|Any CPU
	EndGlobalSection
	GlobalSection(ProjectConfigurationPlatforms) = postSolution
		{ED690227-5E42-4480-B0C3-7A9DA6E6352C}.Debug|Any CPU.ActiveCfg = Debug|Any CPU
		{ED690227-5E42-4480-B0C3-7A9DA6E6352C}.Debug|Any CPU.Build.0 = Debug|Any CPU
		{ED690227-5E42-4480-B0C3-7A9DA6E6352C}.Release|Any CPU.ActiveCfg = Release|Any CPU
		{ED690227-5E42-4480-B0C3-7A9DA6E6352C}.Release|Any CPU.Build.0 = Release|Any CPU
		{12499676-55E8-46C1-827E-9DE63F981B73}.Debug|Any CPU.ActiveCfg = Debug|Any CPU
		{12499676-55E8-46C1-827E-9DE63F981B73}.Debug|Any CPU.Build.0 = Debug|Any CPU
		{12499676-55E8-46C1-827E-9DE63F981B73}.Release|Any CPU.ActiveCfg = Release|Any CPU
		{12499676-55E8-46C1-827E-9DE63F981B73}.Release|Any CPU.Build.0 = Release|Any CPU
		{255C40F9-8835-4FAA-ABCB-FABD969254C6}.Debug|Any CPU.ActiveCfg = Debug|Any CPU
		{255C40F9-8835-4FAA-ABCB-FABD969254C6}.Debug|Any CPU.Build.0 = Debug|Any CPU
		{255C40F9-8835-4FAA-ABCB-FABD969254C6}.Release|Any CPU.ActiveCfg = Release|Any CPU
		{255C40F9-8835-4FAA-ABCB-FABD969254C6}.Release|Any CPU.Build.0 = Release|Any CPU
		{F74A7DE9-2D52-4A2F-9AF9-6EA085FF728E}.Debug|Any CPU.ActiveCfg = Debug|Any CPU
		{F74A7DE9-2D52-4A2F-9AF9-6EA085FF728E}.Debug|Any CPU.Build.0 = Debug|Any CPU
		{F74A7DE9-2D52-4A2F-9AF9-6EA085FF728E}.Release|Any CPU.ActiveCfg = Release|Any CPU
		{F74A7DE9-2D52-4A2F-9AF9-6EA085FF728E}.Release|Any CPU.Build.0 = Release|Any CPU
		{85A4DD0E-E41E-4DF3-89F6-5719F2EAC738}.Debug|Any CPU.ActiveCfg = Debug|Any CPU
		{85A4DD0E-E41E-4DF3-89F6-5719F2EAC738}.Debug|Any CPU.Build.0 = Debug|Any CPU
		{85A4DD0E-E41E-4DF3-89F6-5719F2EAC738}.Release|Any CPU.ActiveCfg = Release|Any CPU
		{85A4DD0E-E41E-4DF3-89F6-5719F2EAC738}.Release|Any CPU.Build.0 = Release|Any CPU
		{4A871764-82E8-44F0-892B-8F03B62E6248}.Debug|Any CPU.ActiveCfg = Debug|Any CPU
		{4A871764-82E8-44F0-892B-8F03B62E6248}.Debug|Any CPU.Build.0 = Debug|Any CPU
		{4A871764-82E8-44F0-892B-8F03B62E6248}.Release|Any CPU.ActiveCfg = Release|Any CPU
		{4A871764-82E8-44F0-892B-8F03B62E6248}.Release|Any CPU.Build.0 = Release|Any CPU
		{6F1AB306-985B-434D-90B2-1AF8F2179643}.Debug|Any CPU.ActiveCfg = Debug|Any CPU
		{6F1AB306-985B-434D-90B2-1AF8F2179643}.Debug|Any CPU.Build.0 = Debug|Any CPU
		{6F1AB306-985B-434D-90B2-1AF8F2179643}.Release|Any CPU.ActiveCfg = Release|Any CPU
		{6F1AB306-985B-434D-90B2-1AF8F2179643}.Release|Any CPU.Build.0 = Release|Any CPU
		{8EF1AB21-1AC9-4630-880E-75CFC2F3CDCF}.Debug|Any CPU.ActiveCfg = Debug|Any CPU
		{8EF1AB21-1AC9-4630-880E-75CFC2F3CDCF}.Debug|Any CPU.Build.0 = Debug|Any CPU
		{8EF1AB21-1AC9-4630-880E-75CFC2F3CDCF}.Release|Any CPU.ActiveCfg = Release|Any CPU
		{8EF1AB21-1AC9-4630-880E-75CFC2F3CDCF}.Release|Any CPU.Build.0 = Release|Any CPU
		{5FEDD358-5AE1-444E-BF59-6CB7F7500165}.Debug|Any CPU.ActiveCfg = Debug|Any CPU
		{5FEDD358-5AE1-444E-BF59-6CB7F7500165}.Debug|Any CPU.Build.0 = Debug|Any CPU
		{5FEDD358-5AE1-444E-BF59-6CB7F7500165}.Release|Any CPU.ActiveCfg = Release|Any CPU
		{5FEDD358-5AE1-444E-BF59-6CB7F7500165}.Release|Any CPU.Build.0 = Release|Any CPU
		{2890F959-2E95-45DC-823C-DB2B568907EF}.Debug|Any CPU.ActiveCfg = Debug|Any CPU
		{2890F959-2E95-45DC-823C-DB2B568907EF}.Debug|Any CPU.Build.0 = Debug|Any CPU
		{2890F959-2E95-45DC-823C-DB2B568907EF}.Release|Any CPU.ActiveCfg = Release|Any CPU
		{2890F959-2E95-45DC-823C-DB2B568907EF}.Release|Any CPU.Build.0 = Release|Any CPU
		{66FD094C-CA4B-4FE6-92B1-793FC1FCBF5A}.Debug|Any CPU.ActiveCfg = Debug|Any CPU
		{66FD094C-CA4B-4FE6-92B1-793FC1FCBF5A}.Debug|Any CPU.Build.0 = Debug|Any CPU
		{66FD094C-CA4B-4FE6-92B1-793FC1FCBF5A}.Release|Any CPU.ActiveCfg = Release|Any CPU
		{66FD094C-CA4B-4FE6-92B1-793FC1FCBF5A}.Release|Any CPU.Build.0 = Release|Any CPU
		{8DC6F04B-9686-4626-8C0E-CEDA6A4D852B}.Debug|Any CPU.ActiveCfg = Debug|Any CPU
		{8DC6F04B-9686-4626-8C0E-CEDA6A4D852B}.Debug|Any CPU.Build.0 = Debug|Any CPU
		{8DC6F04B-9686-4626-8C0E-CEDA6A4D852B}.Release|Any CPU.ActiveCfg = Release|Any CPU
		{8DC6F04B-9686-4626-8C0E-CEDA6A4D852B}.Release|Any CPU.Build.0 = Release|Any CPU
	EndGlobalSection
EndGlobal
